
Microsoft Visual Studio Solution File, Format Version 12.00
# Visual Studio 14
VisualStudioVersion = 14.0.22310.1
MinimumVisualStudioVersion = 10.0.40219.1
Project("{2150E333-8FDC-42A3-9474-1A3956D46DE8}") = "Engine", "Engine", "{D33C526C-B778-4AE8-87A3-0EBFA9DDC3D6}"
EndProject
Project("{2150E333-8FDC-42A3-9474-1A3956D46DE8}") = "Games", "Games", "{9B0AE3AF-F1E2-4338-A79E-64B8AFA51411}"
EndProject
Project("{8BC9CEB8-8B4A-11D0-8D11-00A0C91BC942}") = "UE4", "Intermediate\ProjectFiles\UE4.vcxproj", "{B8BF3E14-A2C5-4CF5-8D53-CBE43F4E0681}"
EndProject
Project("{8BC9CEB8-8B4A-11D0-8D11-00A0C91BC942}") = "BatlleTank", "Intermediate\ProjectFiles\BatlleTank.vcxproj", "{22B975D9-67DD-468F-9D7C-F700DFD5796D}"
EndProject
Global
	GlobalSection(SolutionConfigurationPlatforms) = preSolution
		DebugGame Editor|HTML5 = DebugGame Editor|HTML5
		DebugGame Editor|Win32 = DebugGame Editor|Win32
		DebugGame Editor|Win64 = DebugGame Editor|Win64
		DebugGame|HTML5 = DebugGame|HTML5
		DebugGame|Win32 = DebugGame|Win32
		DebugGame|Win64 = DebugGame|Win64
		Development Editor|HTML5 = Development Editor|HTML5
		Development Editor|Win32 = Development Editor|Win32
		Development Editor|Win64 = Development Editor|Win64
		Development|HTML5 = Development|HTML5
		Development|Win32 = Development|Win32
		Development|Win64 = Development|Win64
		Shipping|HTML5 = Shipping|HTML5
		Shipping|Win32 = Shipping|Win32
		Shipping|Win64 = Shipping|Win64
	EndGlobalSection
	GlobalSection(ProjectConfigurationPlatforms) = postSolution
		{22B975D9-67DD-468F-9D7C-F700DFD5796D}.DebugGame Editor|HTML5.ActiveCfg = HTML5_DebugGame_Editor|Win32
		{22B975D9-67DD-468F-9D7C-F700DFD5796D}.DebugGame Editor|Win32.ActiveCfg = DebugGame_Editor|Win32
		{22B975D9-67DD-468F-9D7C-F700DFD5796D}.DebugGame Editor|Win64.ActiveCfg = DebugGame_Editor|x64
		{22B975D9-67DD-468F-9D7C-F700DFD5796D}.DebugGame Editor|Win64.Build.0 = DebugGame_Editor|x64
		{22B975D9-67DD-468F-9D7C-F700DFD5796D}.DebugGame|HTML5.ActiveCfg = HTML5_DebugGame_Game|Win32
		{22B975D9-67DD-468F-9D7C-F700DFD5796D}.DebugGame|HTML5.Build.0 = HTML5_DebugGame_Game|Win32
		{22B975D9-67DD-468F-9D7C-F700DFD5796D}.DebugGame|Win32.ActiveCfg = DebugGame_Game|Win32
		{22B975D9-67DD-468F-9D7C-F700DFD5796D}.DebugGame|Win32.Build.0 = DebugGame_Game|Win32
		{22B975D9-67DD-468F-9D7C-F700DFD5796D}.DebugGame|Win64.ActiveCfg = DebugGame_Game|x64
		{22B975D9-67DD-468F-9D7C-F700DFD5796D}.DebugGame|Win64.Build.0 = DebugGame_Game|x64
		{22B975D9-67DD-468F-9D7C-F700DFD5796D}.Development Editor|HTML5.ActiveCfg = HTML5_Development_Editor|Win32
		{22B975D9-67DD-468F-9D7C-F700DFD5796D}.Development Editor|Win32.ActiveCfg = Development_Editor|Win32
		{22B975D9-67DD-468F-9D7C-F700DFD5796D}.Development Editor|Win64.ActiveCfg = Development_Editor|x64
		{22B975D9-67DD-468F-9D7C-F700DFD5796D}.Development Editor|Win64.Build.0 = Development_Editor|x64
		{22B975D9-67DD-468F-9D7C-F700DFD5796D}.Development|HTML5.ActiveCfg = HTML5_Development_Game|Win32
		{22B975D9-67DD-468F-9D7C-F700DFD5796D}.Development|HTML5.Build.0 = HTML5_Development_Game|Win32
		{22B975D9-67DD-468F-9D7C-F700DFD5796D}.Development|Win32.ActiveCfg = Development_Game|Win32
		{22B975D9-67DD-468F-9D7C-F700DFD5796D}.Development|Win32.Build.0 = Development_Game|Win32
		{22B975D9-67DD-468F-9D7C-F700DFD5796D}.Development|Win64.ActiveCfg = Development_Game|x64
		{22B975D9-67DD-468F-9D7C-F700DFD5796D}.Development|Win64.Build.0 = Development_Game|x64
		{22B975D9-67DD-468F-9D7C-F700DFD5796D}.Shipping|HTML5.ActiveCfg = HTML5_Shipping_Game|Win32
		{22B975D9-67DD-468F-9D7C-F700DFD5796D}.Shipping|HTML5.Build.0 = HTML5_Shipping_Game|Win32
		{22B975D9-67DD-468F-9D7C-F700DFD5796D}.Shipping|Win32.ActiveCfg = Shipping_Game|Win32
		{22B975D9-67DD-468F-9D7C-F700DFD5796D}.Shipping|Win32.Build.0 = Shipping_Game|Win32
		{22B975D9-67DD-468F-9D7C-F700DFD5796D}.Shipping|Win64.ActiveCfg = Shipping_Game|x64
		{22B975D9-67DD-468F-9D7C-F700DFD5796D}.Shipping|Win64.Build.0 = Shipping_Game|x64
	EndGlobalSection
	GlobalSection(SolutionProperties) = preSolution
		HideSolutionNode = FALSE
	EndGlobalSection
	GlobalSection(NestedProjects) = preSolution
		{B8BF3E14-A2C5-4CF5-8D53-CBE43F4E0681} = {D33C526C-B778-4AE8-87A3-0EBFA9DDC3D6}
		{22B975D9-67DD-468F-9D7C-F700DFD5796D} = {9B0AE3AF-F1E2-4338-A79E-64B8AFA51411}
	EndGlobalSection
EndGlobal
